{
  "name": "@rbxts/filters",
  "version": "1.0.1",
  "lockfileVersion": 1,
  "requires": true,
  "dependencies": {
    "@rbxts/types": {
      "version": "1.0.206",
      "resolved": "https://registry.npmjs.org/@rbxts/types/-/types-1.0.206.tgz",
      "integrity": "sha512-a1HDBTAv/cvjBq2IuGURNPl+4bbNQ30JNafdk9sblTIt9A1lX4oyvsXrXSzpyslfyyaY+/Sht/ZsP0M5HpRdPg=="
    }
  }
}
