{
  "requires": true,
  "lockfileVersion": 1,
  "dependencies": {
    "rbx-types": {
      "version": "1.0.187",
      "resolved": "https://registry.npmjs.org/rbx-types/-/rbx-types-1.0.187.tgz",
      "integrity": "sha512-fGbRV7279JzLD6CPQJpYeeoZRkyTnOsDij7Leyr9ijPDsXJZ+R7igfg6oFS9ZCkAW4uZF4N55N2QUhklet30jA==",
      "dev": true
    }
  }
}
